
Microsoft Visual Studio Solution File, Format Version 11.00
# Visual Studio 2010
Project("{FAE04EC0-301F-11D3-BF4B-00C04F79EFBC}") = "ClickOnceLocalManager", "ClickOnceLocalManager\ClickOnceLocalManager.csproj", "{4198C5B9-F4FA-4032-94F0-7E169E1EEC2C}"
EndProject
Project("{FAE04EC0-301F-11D3-BF4B-00C04F79EFBC}") = "ClickOnceAppRunner", "ClickOnceAppRunner\ClickOnceAppRunner.csproj", "{A62C5915-C9D8-42B8-B4D3-BBAB6C8534D7}"
EndProject
Project("{FAE04EC0-301F-11D3-BF4B-00C04F79EFBC}") = "WinClickOnceAppRunner", "WinClickOnceAppRunner\WinClickOnceAppRunner.csproj", "{2539BEC9-2806-474D-8AB0-CDB3CB7A67B4}"
EndProject
Global
	GlobalSection(SolutionConfigurationPlatforms) = preSolution
		Debug|Any CPU = Debug|Any CPU
		Debug|Mixed Platforms = Debug|Mixed Platforms
		Debug|x86 = Debug|x86
		Release|Any CPU = Release|Any CPU
		Release|Mixed Platforms = Release|Mixed Platforms
		Release|x86 = Release|x86
	EndGlobalSection
	GlobalSection(ProjectConfigurationPlatforms) = postSolution
		{4198C5B9-F4FA-4032-94F0-7E169E1EEC2C}.Debug|Any CPU.ActiveCfg = Debug|Any CPU
		{4198C5B9-F4FA-4032-94F0-7E169E1EEC2C}.Debug|Any CPU.Build.0 = Debug|Any CPU
		{4198C5B9-F4FA-4032-94F0-7E169E1EEC2C}.Debug|Mixed Platforms.ActiveCfg = Debug|Any CPU
		{4198C5B9-F4FA-4032-94F0-7E169E1EEC2C}.Debug|Mixed Platforms.Build.0 = Debug|Any CPU
		{4198C5B9-F4FA-4032-94F0-7E169E1EEC2C}.Debug|x86.ActiveCfg = Debug|Any CPU
		{4198C5B9-F4FA-4032-94F0-7E169E1EEC2C}.Release|Any CPU.ActiveCfg = Release|Any CPU
		{4198C5B9-F4FA-4032-94F0-7E169E1EEC2C}.Release|Any CPU.Build.0 = Release|Any CPU
		{4198C5B9-F4FA-4032-94F0-7E169E1EEC2C}.Release|Mixed Platforms.ActiveCfg = Release|Any CPU
		{4198C5B9-F4FA-4032-94F0-7E169E1EEC2C}.Release|Mixed Platforms.Build.0 = Release|Any CPU
		{4198C5B9-F4FA-4032-94F0-7E169E1EEC2C}.Release|x86.ActiveCfg = Release|Any CPU
		{A62C5915-C9D8-42B8-B4D3-BBAB6C8534D7}.Debug|Any CPU.ActiveCfg = Debug|x86
		{A62C5915-C9D8-42B8-B4D3-BBAB6C8534D7}.Debug|Mixed Platforms.ActiveCfg = Debug|x86
		{A62C5915-C9D8-42B8-B4D3-BBAB6C8534D7}.Debug|Mixed Platforms.Build.0 = Debug|x86
		{A62C5915-C9D8-42B8-B4D3-BBAB6C8534D7}.Debug|x86.ActiveCfg = Debug|x86
		{A62C5915-C9D8-42B8-B4D3-BBAB6C8534D7}.Debug|x86.Build.0 = Debug|x86
		{A62C5915-C9D8-42B8-B4D3-BBAB6C8534D7}.Release|Any CPU.ActiveCfg = Release|x86
		{A62C5915-C9D8-42B8-B4D3-BBAB6C8534D7}.Release|Mixed Platforms.ActiveCfg = Release|x86
		{A62C5915-C9D8-42B8-B4D3-BBAB6C8534D7}.Release|Mixed Platforms.Build.0 = Release|x86
		{A62C5915-C9D8-42B8-B4D3-BBAB6C8534D7}.Release|x86.ActiveCfg = Release|x86
		{A62C5915-C9D8-42B8-B4D3-BBAB6C8534D7}.Release|x86.Build.0 = Release|x86
		{2539BEC9-2806-474D-8AB0-CDB3CB7A67B4}.Debug|Any CPU.ActiveCfg = Debug|x86
		{2539BEC9-2806-474D-8AB0-CDB3CB7A67B4}.Debug|Mixed Platforms.ActiveCfg = Debug|x86
		{2539BEC9-2806-474D-8AB0-CDB3CB7A67B4}.Debug|Mixed Platforms.Build.0 = Debug|x86
		{2539BEC9-2806-474D-8AB0-CDB3CB7A67B4}.Debug|x86.ActiveCfg = Debug|x86
		{2539BEC9-2806-474D-8AB0-CDB3CB7A67B4}.Debug|x86.Build.0 = Debug|x86
		{2539BEC9-2806-474D-8AB0-CDB3CB7A67B4}.Release|Any CPU.ActiveCfg = Release|x86
		{2539BEC9-2806-474D-8AB0-CDB3CB7A67B4}.Release|Mixed Platforms.ActiveCfg = Release|x86
		{2539BEC9-2806-474D-8AB0-CDB3CB7A67B4}.Release|Mixed Platforms.Build.0 = Release|x86
		{2539BEC9-2806-474D-8AB0-CDB3CB7A67B4}.Release|x86.ActiveCfg = Release|x86
		{2539BEC9-2806-474D-8AB0-CDB3CB7A67B4}.Release|x86.Build.0 = Release|x86
	EndGlobalSection
	GlobalSection(SolutionProperties) = preSolution
		HideSolutionNode = FALSE
	EndGlobalSection
EndGlobal
